
Microsoft Visual Studio Solution File, Format Version 12.00
# Visual Studio Version 17
VisualStudioVersion = 17.6.33723.286
MinimumVisualStudioVersion = 10.0.40219.1
Project("{FAE04EC0-301F-11D3-BF4B-00C04F79EFBC}") = "WebProject", "WebProject\WebProject.csproj", "{57BD5BDF-D2B2-4FA6-96F2-120D53E0F47F}"
EndProject
Global
	GlobalSection(SolutionConfigurationPlatforms) = preSolution
		Debug|Any CPU = Debug|Any CPU
		Release|Any CPU = Release|Any CPU
	EndGlobalSection
	GlobalSection(ProjectConfigurationPlatforms) = postSolution
		{57BD5BDF-D2B2-4FA6-96F2-120D53E0F47F}.Debug|Any CPU.ActiveCfg = Debug|Any CPU
		{57BD5BDF-D2B2-4FA6-96F2-120D53E0F47F}.Debug|Any CPU.Build.0 = Debug|Any CPU
		{57BD5BDF-D2B2-4FA6-96F2-120D53E0F47F}.Release|Any CPU.ActiveCfg = Release|Any CPU
		{57BD5BDF-D2B2-4FA6-96F2-120D53E0F47F}.Release|Any CPU.Build.0 = Release|Any CPU
	EndGlobalSection
	GlobalSection(SolutionProperties) = preSolution
		HideSolutionNode = FALSE
	EndGlobalSection
	GlobalSection(ExtensibilityGlobals) = postSolution
		SolutionGuid = {95CD1945-C029-4D71-BFBD-98BE4E2CFDF9}
	EndGlobalSection
EndGlobal
